// !$*UTF8*$!
{
	archiveVersion = 1;
	classes = {
	};
	objectVersion = 50;
	objects = {

/* Begin PBXBuildFile section */
		25430A9D24B0D3670077AEB7 /* AppDelegate.swift in Sources */ = {isa = PBXBuildFile; fileRef = 25430A9C24B0D3670077AEB7 /* AppDelegate.swift */; };
		25430A9F24B0D3670077AEB7 /* SceneDelegate.swift in Sources */ = {isa = PBXBuildFile; fileRef = 25430A9E24B0D3670077AEB7 /* SceneDelegate.swift */; };
		25430AA424B0D3670077AEB7 /* Main.storyboard in Resources */ = {isa = PBXBuildFile; fileRef = 25430AA224B0D3670077AEB7 /* Main.storyboard */; };
		25430AA724B0D3680077AEB7 /* FMEA.xcdatamodeld in Sources */ = {isa = PBXBuildFile; fileRef = 25430AA524B0D3680077AEB7 /* FMEA.xcdatamodeld */; };
		25430AA924B0D3690077AEB7 /* Assets.xcassets in Resources */ = {isa = PBXBuildFile; fileRef = 25430AA824B0D3690077AEB7 /* Assets.xcassets */; };
		25430AAC24B0D3690077AEB7 /* LaunchScreen.storyboard in Resources */ = {isa = PBXBuildFile; fileRef = 25430AAA24B0D3690077AEB7 /* LaunchScreen.storyboard */; };
		25430ACB24B1060F0077AEB7 /* CreateEditAction.swift in Sources */ = {isa = PBXBuildFile; fileRef = 25430ACA24B1060F0077AEB7 /* CreateEditAction.swift */; };
		25430ACD24B1066B0077AEB7 /* ActionPlanTVC.swift in Sources */ = {isa = PBXBuildFile; fileRef = 25430ACC24B1066B0077AEB7 /* ActionPlanTVC.swift */; };
		25430ACF24B106A50077AEB7 /* ActionPlanTVCell.swift in Sources */ = {isa = PBXBuildFile; fileRef = 25430ACE24B106A50077AEB7 /* ActionPlanTVCell.swift */; };
		25430AD124B107170077AEB7 /* FmeaEditCreationTVC.swift in Sources */ = {isa = PBXBuildFile; fileRef = 25430AD024B107170077AEB7 /* FmeaEditCreationTVC.swift */; };
		25430AD324B108150077AEB7 /* FmeaCollection.swift in Sources */ = {isa = PBXBuildFile; fileRef = 25430AD224B108150077AEB7 /* FmeaCollection.swift */; };
		25430AD524B1082F0077AEB7 /* FmeaCollectionCell.swift in Sources */ = {isa = PBXBuildFile; fileRef = 25430AD424B1082F0077AEB7 /* FmeaCollectionCell.swift */; };
		25430AD724B1118E0077AEB7 /* ActionModelData.swift in Sources */ = {isa = PBXBuildFile; fileRef = 25430AD624B1118E0077AEB7 /* ActionModelData.swift */; };
		25430AD924B113420077AEB7 /* ActionPlanModelData.swift in Sources */ = {isa = PBXBuildFile; fileRef = 25430AD824B113420077AEB7 /* ActionPlanModelData.swift */; };
		25430ADB24B113CF0077AEB7 /* FmeaDocModelData.swift in Sources */ = {isa = PBXBuildFile; fileRef = 25430ADA24B113CF0077AEB7 /* FmeaDocModelData.swift */; };
		25430ADD24B117900077AEB7 /* FmeaCollectionModelData.swift in Sources */ = {isa = PBXBuildFile; fileRef = 25430ADC24B117900077AEB7 /* FmeaCollectionModelData.swift */; };
/* End PBXBuildFile section */

/* Begin PBXFileReference section */
		25430A9924B0D3670077AEB7 /* FMEA.app */ = {isa = PBXFileReference; explicitFileType = wrapper.application; includeInIndex = 0; path = FMEA.app; sourceTree = BUILT_PRODUCTS_DIR; };
		25430A9C24B0D3670077AEB7 /* AppDelegate.swift */ = {isa = PBXFileReference; lastKnownFileType = sourcecode.swift; path = AppDelegate.swift; sourceTree = "<group>"; };
		25430A9E24B0D3670077AEB7 /* SceneDelegate.swift */ = {isa = PBXFileReference; lastKnownFileType = sourcecode.swift; path = SceneDelegate.swift; sourceTree = "<group>"; };
		25430AA324B0D3670077AEB7 /* Base */ = {isa = PBXFileReference; lastKnownFileType = file.storyboard; name = Base; path = Base.lproj/Main.storyboard; sourceTree = "<group>"; };
		25430AA624B0D3680077AEB7 /* FMEA.xcdatamodel */ = {isa = PBXFileReference; lastKnownFileType = wrapper.xcdatamodel; path = FMEA.xcdatamodel; sourceTree = "<group>"; };
		25430AA824B0D3690077AEB7 /* Assets.xcassets */ = {isa = PBXFileReference; lastKnownFileType = folder.assetcatalog; path = Assets.xcassets; sourceTree = "<group>"; };
		25430AAB24B0D3690077AEB7 /* Base */ = {isa = PBXFileReference; lastKnownFileType = file.storyboard; name = Base; path = Base.lproj/LaunchScreen.storyboard; sourceTree = "<group>"; };
		25430AAD24B0D3690077AEB7 /* Info.plist */ = {isa = PBXFileReference; lastKnownFileType = text.plist.xml; path = Info.plist; sourceTree = "<group>"; };
		25430ACA24B1060F0077AEB7 /* CreateEditAction.swift */ = {isa = PBXFileReference; lastKnownFileType = sourcecode.swift; path = CreateEditAction.swift; sourceTree = "<group>"; };
		25430ACC24B1066B0077AEB7 /* ActionPlanTVC.swift */ = {isa = PBXFileReference; lastKnownFileType = sourcecode.swift; path = ActionPlanTVC.swift; sourceTree = "<group>"; };
		25430ACE24B106A50077AEB7 /* ActionPlanTVCell.swift */ = {isa = PBXFileReference; lastKnownFileType = sourcecode.swift; path = ActionPlanTVCell.swift; sourceTree = "<group>"; };
		25430AD024B107170077AEB7 /* FmeaEditCreationTVC.swift */ = {isa = PBXFileReference; lastKnownFileType = sourcecode.swift; path = FmeaEditCreationTVC.swift; sourceTree = "<group>"; };
		25430AD224B108150077AEB7 /* FmeaCollection.swift */ = {isa = PBXFileReference; lastKnownFileType = sourcecode.swift; path = FmeaCollection.swift; sourceTree = "<group>"; };
		25430AD424B1082F0077AEB7 /* FmeaCollectionCell.swift */ = {isa = PBXFileReference; lastKnownFileType = sourcecode.swift; path = FmeaCollectionCell.swift; sourceTree = "<group>"; };
		25430AD624B1118E0077AEB7 /* ActionModelData.swift */ = {isa = PBXFileReference; lastKnownFileType = sourcecode.swift; path = ActionModelData.swift; sourceTree = "<group>"; };
		25430AD824B113420077AEB7 /* ActionPlanModelData.swift */ = {isa = PBXFileReference; lastKnownFileType = sourcecode.swift; path = ActionPlanModelData.swift; sourceTree = "<group>"; };
		25430ADA24B113CF0077AEB7 /* FmeaDocModelData.swift */ = {isa = PBXFileReference; lastKnownFileType = sourcecode.swift; path = FmeaDocModelData.swift; sourceTree = "<group>"; };
		25430ADC24B117900077AEB7 /* FmeaCollectionModelData.swift */ = {isa = PBXFileReference; lastKnownFileType = sourcecode.swift; path = FmeaCollectionModelData.swift; sourceTree = "<group>"; };
/* End PBXFileReference section */

/* Begin PBXFrameworksBuildPhase section */
		25430A9624B0D3670077AEB7 /* Frameworks */ = {
			isa = PBXFrameworksBuildPhase;
			buildActionMask = 2147483647;
			files = (
			);
			runOnlyForDeploymentPostprocessing = 0;
		};
/* End PBXFrameworksBuildPhase section */

/* Begin PBXGroup section */
		25430A9024B0D3670077AEB7 = {
			isa = PBXGroup;
			children = (
				25430A9B24B0D3670077AEB7 /* FMEA */,
				25430A9A24B0D3670077AEB7 /* Products */,
			);
			sourceTree = "<group>";
		};
		25430A9A24B0D3670077AEB7 /* Products */ = {
			isa = PBXGroup;
			children = (
				25430A9924B0D3670077AEB7 /* FMEA.app */,
			);
			name = Products;
			sourceTree = "<group>";
		};
		25430A9B24B0D3670077AEB7 /* FMEA */ = {
			isa = PBXGroup;
			children = (
				25430AB324B0D3870077AEB7 /* Application */,
				25430ABC24B104250077AEB7 /* SupportFiles */,
			);
			path = FMEA;
			sourceTree = "<group>";
		};
		25430AB324B0D3870077AEB7 /* Application */ = {
			isa = PBXGroup;
			children = (
				25430AB724B0D4470077AEB7 /* Model */,
				25430AB624B0D40F0077AEB7 /* View */,
				25430AB524B0D4020077AEB7 /* Controller */,
				25430AB424B0D3A00077AEB7 /* Resources */,
			);
			path = Application;
			sourceTree = "<group>";
		};
		25430AB424B0D3A00077AEB7 /* Resources */ = {
			isa = PBXGroup;
			children = (
				25430AA824B0D3690077AEB7 /* Assets.xcassets */,
				25430AAA24B0D3690077AEB7 /* LaunchScreen.storyboard */,
				25430AAD24B0D3690077AEB7 /* Info.plist */,
			);
			path = Resources;
			sourceTree = "<group>";
		};
		25430AB524B0D4020077AEB7 /* Controller */ = {
			isa = PBXGroup;
			children = (
				25430A9C24B0D3670077AEB7 /* AppDelegate.swift */,
				25430A9E24B0D3670077AEB7 /* SceneDelegate.swift */,
			);
			path = Controller;
			sourceTree = "<group>";
		};
		25430AB624B0D40F0077AEB7 /* View */ = {
			isa = PBXGroup;
			children = (
				25430AA224B0D3670077AEB7 /* Main.storyboard */,
			);
			path = View;
			sourceTree = "<group>";
		};
		25430AB724B0D4470077AEB7 /* Model */ = {
			isa = PBXGroup;
			children = (
				25430AA524B0D3680077AEB7 /* FMEA.xcdatamodeld */,
			);
			path = Model;
			sourceTree = "<group>";
		};
		25430AB824B103380077AEB7 /* FmeaCollection */ = {
			isa = PBXGroup;
			children = (
				25430ABF24B104830077AEB7 /* Model */,
				25430ABE24B1047B0077AEB7 /* View */,
				25430ABD24B1046C0077AEB7 /* Controller */,
			);
			path = FmeaCollection;
			sourceTree = "<group>";
		};
		25430AB924B1034F0077AEB7 /* NewFmeaCreation */ = {
			isa = PBXGroup;
			children = (
				25430AC224B105060077AEB7 /* Model */,
				25430AC124B104FE0077AEB7 /* View */,
				25430AC024B104F60077AEB7 /* Controller */,
			);
			path = NewFmeaCreation;
			sourceTree = "<group>";
		};
		25430ABA24B1037C0077AEB7 /* ActionPlanTable */ = {
			isa = PBXGroup;
			children = (
				25430AC524B105220077AEB7 /* Model */,
				25430AC424B1051D0077AEB7 /* View */,
				25430AC324B105150077AEB7 /* Controller */,
			);
			path = ActionPlanTable;
			sourceTree = "<group>";
		};
		25430ABB24B103B10077AEB7 /* NewActionCreation */ = {
			isa = PBXGroup;
			children = (
				25430AC824B1055D0077AEB7 /* Model */,
				25430AC724B105580077AEB7 /* View */,
				25430AC624B105510077AEB7 /* Controller */,
			);
			path = NewActionCreation;
			sourceTree = "<group>";
		};
		25430ABC24B104250077AEB7 /* SupportFiles */ = {
			isa = PBXGroup;
			children = (
				25430AB824B103380077AEB7 /* FmeaCollection */,
				25430AB924B1034F0077AEB7 /* NewFmeaCreation */,
				25430ABA24B1037C0077AEB7 /* ActionPlanTable */,
				25430ABB24B103B10077AEB7 /* NewActionCreation */,
				25430AC924B1058A0077AEB7 /* Resources */,
			);
			path = SupportFiles;
			sourceTree = "<group>";
		};
		25430ABD24B1046C0077AEB7 /* Controller */ = {
			isa = PBXGroup;
			children = (
				25430AD224B108150077AEB7 /* FmeaCollection.swift */,
			);
			path = Controller;
			sourceTree = "<group>";
		};
		25430ABE24B1047B0077AEB7 /* View */ = {
			isa = PBXGroup;
			children = (
				25430AD424B1082F0077AEB7 /* FmeaCollectionCell.swift */,
			);
			path = View;
			sourceTree = "<group>";
		};
		25430ABF24B104830077AEB7 /* Model */ = {
			isa = PBXGroup;
			children = (
				25430ADC24B117900077AEB7 /* FmeaCollectionModelData.swift */,
			);
			path = Model;
			sourceTree = "<group>";
		};
		25430AC024B104F60077AEB7 /* Controller */ = {
			isa = PBXGroup;
			children = (
				25430AD024B107170077AEB7 /* FmeaEditCreationTVC.swift */,
			);
			path = Controller;
			sourceTree = "<group>";
		};
		25430AC124B104FE0077AEB7 /* View */ = {
			isa = PBXGroup;
			children = (
			);
			path = View;
			sourceTree = "<group>";
		};
		25430AC224B105060077AEB7 /* Model */ = {
			isa = PBXGroup;
			children = (
				25430ADA24B113CF0077AEB7 /* FmeaDocModelData.swift */,
			);
			path = Model;
			sourceTree = "<group>";
		};
		25430AC324B105150077AEB7 /* Controller */ = {
			isa = PBXGroup;
			children = (
				25430ACC24B1066B0077AEB7 /* ActionPlanTVC.swift */,
			);
			path = Controller;
			sourceTree = "<group>";
		};
		25430AC424B1051D0077AEB7 /* View */ = {
			isa = PBXGroup;
			children = (
				25430ACE24B106A50077AEB7 /* ActionPlanTVCell.swift */,
			);
			path = View;
			sourceTree = "<group>";
		};
		25430AC524B105220077AEB7 /* Model */ = {
			isa = PBXGroup;
			children = (
				25430AD824B113420077AEB7 /* ActionPlanModelData.swift */,
			);
			path = Model;
			sourceTree = "<group>";
		};
		25430AC624B105510077AEB7 /* Controller */ = {
			isa = PBXGroup;
			children = (
				25430ACA24B1060F0077AEB7 /* CreateEditAction.swift */,
			);
			path = Controller;
			sourceTree = "<group>";
		};
		25430AC724B105580077AEB7 /* View */ = {
			isa = PBXGroup;
			children = (
			);
			path = View;
			sourceTree = "<group>";
		};
		25430AC824B1055D0077AEB7 /* Model */ = {
			isa = PBXGroup;
			children = (
				25430AD624B1118E0077AEB7 /* ActionModelData.swift */,
			);
			path = Model;
			sourceTree = "<group>";
		};
		25430AC924B1058A0077AEB7 /* Resources */ = {
			isa = PBXGroup;
			children = (
			);
			path = Resources;
			sourceTree = "<group>";
		};
/* End PBXGroup section */

/* Begin PBXNativeTarget section */
		25430A9824B0D3670077AEB7 /* FMEA */ = {
			isa = PBXNativeTarget;
			buildConfigurationList = 25430AB024B0D3690077AEB7 /* Build configuration list for PBXNativeTarget "FMEA" */;
			buildPhases = (
				25430A9524B0D3670077AEB7 /* Sources */,
				25430A9624B0D3670077AEB7 /* Frameworks */,
				25430A9724B0D3670077AEB7 /* Resources */,
			);
			buildRules = (
			);
			dependencies = (
			);
			name = FMEA;
			productName = FMEA;
			productReference = 25430A9924B0D3670077AEB7 /* FMEA.app */;
			productType = "com.apple.product-type.application";
		};
/* End PBXNativeTarget section */

/* Begin PBXProject section */
		25430A9124B0D3670077AEB7 /* Project object */ = {
			isa = PBXProject;
			attributes = {
				LastSwiftUpdateCheck = 1150;
				LastUpgradeCheck = 1150;
				ORGANIZATIONNAME = "BEREZIN Stanislav";
				TargetAttributes = {
					25430A9824B0D3670077AEB7 = {
						CreatedOnToolsVersion = 11.5;
					};
				};
			};
			buildConfigurationList = 25430A9424B0D3670077AEB7 /* Build configuration list for PBXProject "FMEA" */;
			compatibilityVersion = "Xcode 9.3";
			developmentRegion = en;
			hasScannedForEncodings = 0;
			knownRegions = (
				en,
				Base,
			);
			mainGroup = 25430A9024B0D3670077AEB7;
			productRefGroup = 25430A9A24B0D3670077AEB7 /* Products */;
			projectDirPath = "";
			projectRoot = "";
			targets = (
				25430A9824B0D3670077AEB7 /* FMEA */,
			);
		};
/* End PBXProject section */

/* Begin PBXResourcesBuildPhase section */
		25430A9724B0D3670077AEB7 /* Resources */ = {
			isa = PBXResourcesBuildPhase;
			buildActionMask = 2147483647;
			files = (
				25430AAC24B0D3690077AEB7 /* LaunchScreen.storyboard in Resources */,
				25430AA924B0D3690077AEB7 /* Assets.xcassets in Resources */,
				25430AA424B0D3670077AEB7 /* Main.storyboard in Resources */,
			);
			runOnlyForDeploymentPostprocessing = 0;
		};
/* End PBXResourcesBuildPhase section */

/* Begin PBXSourcesBuildPhase section */
		25430A9524B0D3670077AEB7 /* Sources */ = {
			isa = PBXSourcesBuildPhase;
			buildActionMask = 2147483647;
			files = (
				25430ACF24B106A50077AEB7 /* ActionPlanTVCell.swift in Sources */,
				25430AD724B1118E0077AEB7 /* ActionModelData.swift in Sources */,
				25430A9D24B0D3670077AEB7 /* AppDelegate.swift in Sources */,
				25430AD524B1082F0077AEB7 /* FmeaCollectionCell.swift in Sources */,
				25430ACD24B1066B0077AEB7 /* ActionPlanTVC.swift in Sources */,
				25430ADD24B117900077AEB7 /* FmeaCollectionModelData.swift in Sources */,
				25430ACB24B1060F0077AEB7 /* CreateEditAction.swift in Sources */,
				25430AD924B113420077AEB7 /* ActionPlanModelData.swift in Sources */,
				25430AD324B108150077AEB7 /* FmeaCollection.swift in Sources */,
				25430AD124B107170077AEB7 /* FmeaEditCreationTVC.swift in Sources */,
				25430AA724B0D3680077AEB7 /* FMEA.xcdatamodeld in Sources */,
				25430A9F24B0D3670077AEB7 /* SceneDelegate.swift in Sources */,
				25430ADB24B113CF0077AEB7 /* FmeaDocModelData.swift in Sources */,
			);
			runOnlyForDeploymentPostprocessing = 0;
		};
/* End PBXSourcesBuildPhase section */

/* Begin PBXVariantGroup section */
		25430AA224B0D3670077AEB7 /* Main.storyboard */ = {
			isa = PBXVariantGroup;
			children = (
				25430AA324B0D3670077AEB7 /* Base */,
			);
			name = Main.storyboard;
			sourceTree = "<group>";
		};
		25430AAA24B0D3690077AEB7 /* LaunchScreen.storyboard */ = {
			isa = PBXVariantGroup;
			children = (
				25430AAB24B0D3690077AEB7 /* Base */,
			);
			name = LaunchScreen.storyboard;
			sourceTree = "<group>";
		};
/* End PBXVariantGroup section */

/* Begin XCBuildConfiguration section */
		25430AAE24B0D3690077AEB7 /* Debug */ = {
			isa = XCBuildConfiguration;
			buildSettings = {
				ALWAYS_SEARCH_USER_PATHS = NO;
				CLANG_ANALYZER_NONNULL = YES;
				CLANG_ANALYZER_NUMBER_OBJECT_CONVERSION = YES_AGGRESSIVE;
				CLANG_CXX_LANGUAGE_STANDARD = "gnu++14";
				CLANG_CXX_LIBRARY = "libc++";
				CLANG_ENABLE_MODULES = YES;
				CLANG_ENABLE_OBJC_ARC = YES;
				CLANG_ENABLE_OBJC_WEAK = YES;
				CLANG_WARN_BLOCK_CAPTURE_AUTORELEASING = YES;
				CLANG_WARN_BOOL_CONVERSION = YES;
				CLANG_WARN_COMMA = YES;
				CLANG_WARN_CONSTANT_CONVERSION = YES;
				CLANG_WARN_DEPRECATED_OBJC_IMPLEMENTATIONS = YES;
				CLANG_WARN_DIRECT_OBJC_ISA_USAGE = YES_ERROR;
				CLANG_WARN_DOCUMENTATION_COMMENTS = YES;
				CLANG_WARN_EMPTY_BODY = YES;
				CLANG_WARN_ENUM_CONVERSION = YES;
				CLANG_WARN_INFINITE_RECURSION = YES;
				CLANG_WARN_INT_CONVERSION = YES;
				CLANG_WARN_NON_LITERAL_NULL_CONVERSION = YES;
				CLANG_WARN_OBJC_IMPLICIT_RETAIN_SELF = YES;
				CLANG_WARN_OBJC_LITERAL_CONVERSION = YES;
				CLANG_WARN_OBJC_ROOT_CLASS = YES_ERROR;
				CLANG_WARN_RANGE_LOOP_ANALYSIS = YES;
				CLANG_WARN_STRICT_PROTOTYPES = YES;
				CLANG_WARN_SUSPICIOUS_MOVE = YES;
				CLANG_WARN_UNGUARDED_AVAILABILITY = YES_AGGRESSIVE;
				CLANG_WARN_UNREACHABLE_CODE = YES;
				CLANG_WARN__DUPLICATE_METHOD_MATCH = YES;
				COPY_PHASE_STRIP = NO;
				DEBUG_INFORMATION_FORMAT = dwarf;
				ENABLE_STRICT_OBJC_MSGSEND = YES;
				ENABLE_TESTABILITY = YES;
				GCC_C_LANGUAGE_STANDARD = gnu11;
				GCC_DYNAMIC_NO_PIC = NO;
				GCC_NO_COMMON_BLOCKS = YES;
				GCC_OPTIMIZATION_LEVEL = 0;
				GCC_PREPROCESSOR_DEFINITIONS = (
					"DEBUG=1",
					"$(inherited)",
				);
				GCC_WARN_64_TO_32_BIT_CONVERSION = YES;
				GCC_WARN_ABOUT_RETURN_TYPE = YES_ERROR;
				GCC_WARN_UNDECLARED_SELECTOR = YES;
				GCC_WARN_UNINITIALIZED_AUTOS = YES_AGGRESSIVE;
				GCC_WARN_UNUSED_FUNCTION = YES;
				GCC_WARN_UNUSED_VARIABLE = YES;
				IPHONEOS_DEPLOYMENT_TARGET = 13.5;
				MTL_ENABLE_DEBUG_INFO = INCLUDE_SOURCE;
				MTL_FAST_MATH = YES;
				ONLY_ACTIVE_ARCH = YES;
				SDKROOT = iphoneos;
				SWIFT_ACTIVE_COMPILATION_CONDITIONS = DEBUG;
				SWIFT_OPTIMIZATION_LEVEL = "-Onone";
			};
			name = Debug;
		};
		25430AAF24B0D3690077AEB7 /* Release */ = {
			isa = XCBuildConfiguration;
			buildSettings = {
				ALWAYS_SEARCH_USER_PATHS = NO;
				CLANG_ANALYZER_NONNULL = YES;
				CLANG_ANALYZER_NUMBER_OBJECT_CONVERSION = YES_AGGRESSIVE;
				CLANG_CXX_LANGUAGE_STANDARD = "gnu++14";
				CLANG_CXX_LIBRARY = "libc++";
				CLANG_ENABLE_MODULES = YES;
				CLANG_ENABLE_OBJC_ARC = YES;
				CLANG_ENABLE_OBJC_WEAK = YES;
				CLANG_WARN_BLOCK_CAPTURE_AUTORELEASING = YES;
				CLANG_WARN_BOOL_CONVERSION = YES;
				CLANG_WARN_COMMA = YES;
				CLANG_WARN_CONSTANT_CONVERSION = YES;
				CLANG_WARN_DEPRECATED_OBJC_IMPLEMENTATIONS = YES;
				CLANG_WARN_DIRECT_OBJC_ISA_USAGE = YES_ERROR;
				CLANG_WARN_DOCUMENTATION_COMMENTS = YES;
				CLANG_WARN_EMPTY_BODY = YES;
				CLANG_WARN_ENUM_CONVERSION = YES;
				CLANG_WARN_INFINITE_RECURSION = YES;
				CLANG_WARN_INT_CONVERSION = YES;
				CLANG_WARN_NON_LITERAL_NULL_CONVERSION = YES;
				CLANG_WARN_OBJC_IMPLICIT_RETAIN_SELF = YES;
				CLANG_WARN_OBJC_LITERAL_CONVERSION = YES;
				CLANG_WARN_OBJC_ROOT_CLASS = YES_ERROR;
				CLANG_WARN_RANGE_LOOP_ANALYSIS = YES;
				CLANG_WARN_STRICT_PROTOTYPES = YES;
				CLANG_WARN_SUSPICIOUS_MOVE = YES;
				CLANG_WARN_UNGUARDED_AVAILABILITY = YES_AGGRESSIVE;
				CLANG_WARN_UNREACHABLE_CODE = YES;
				CLANG_WARN__DUPLICATE_METHOD_MATCH = YES;
				COPY_PHASE_STRIP = NO;
				DEBUG_INFORMATION_FORMAT = "dwarf-with-dsym";
				ENABLE_NS_ASSERTIONS = NO;
				ENABLE_STRICT_OBJC_MSGSEND = YES;
				GCC_C_LANGUAGE_STANDARD = gnu11;
				GCC_NO_COMMON_BLOCKS = YES;
				GCC_WARN_64_TO_32_BIT_CONVERSION = YES;
				GCC_WARN_ABOUT_RETURN_TYPE = YES_ERROR;
				GCC_WARN_UNDECLARED_SELECTOR = YES;
				GCC_WARN_UNINITIALIZED_AUTOS = YES_AGGRESSIVE;
				GCC_WARN_UNUSED_FUNCTION = YES;
				GCC_WARN_UNUSED_VARIABLE = YES;
				IPHONEOS_DEPLOYMENT_TARGET = 13.5;
				MTL_ENABLE_DEBUG_INFO = NO;
				MTL_FAST_MATH = YES;
				SDKROOT = iphoneos;
				SWIFT_COMPILATION_MODE = wholemodule;
				SWIFT_OPTIMIZATION_LEVEL = "-O";
				VALIDATE_PRODUCT = YES;
			};
			name = Release;
		};
		25430AB124B0D3690077AEB7 /* Debug */ = {
			isa = XCBuildConfiguration;
			buildSettings = {
				ASSETCATALOG_COMPILER_APPICON_NAME = AppIcon;
				CODE_SIGN_STYLE = Automatic;
				INFOPLIST_FILE = "$(SRCROOT)/FMEA/Application/Resources/Info.plist";
				LD_RUNPATH_SEARCH_PATHS = (
					"$(inherited)",
					"@executable_path/Frameworks",
				);
				PRODUCT_BUNDLE_IDENTIFIER = "com.QMS-Solutions.FMEA";
				PRODUCT_NAME = "$(TARGET_NAME)";
				SWIFT_VERSION = 5.0;
				TARGETED_DEVICE_FAMILY = 1;
			};
			name = Debug;
		};
		25430AB224B0D3690077AEB7 /* Release */ = {
			isa = XCBuildConfiguration;
			buildSettings = {
				ASSETCATALOG_COMPILER_APPICON_NAME = AppIcon;
				CODE_SIGN_STYLE = Automatic;
				INFOPLIST_FILE = "$(SRCROOT)/FMEA/Application/Resources/Info.plist";
				LD_RUNPATH_SEARCH_PATHS = (
					"$(inherited)",
					"@executable_path/Frameworks",
				);
				PRODUCT_BUNDLE_IDENTIFIER = "com.QMS-Solutions.FMEA";
				PRODUCT_NAME = "$(TARGET_NAME)";
				SWIFT_VERSION = 5.0;
				TARGETED_DEVICE_FAMILY = 1;
			};
			name = Release;
		};
/* End XCBuildConfiguration section */

/* Begin XCConfigurationList section */
		25430A9424B0D3670077AEB7 /* Build configuration list for PBXProject "FMEA" */ = {
			isa = XCConfigurationList;
			buildConfigurations = (
				25430AAE24B0D3690077AEB7 /* Debug */,
				25430AAF24B0D3690077AEB7 /* Release */,
			);
			defaultConfigurationIsVisible = 0;
			defaultConfigurationName = Release;
		};
		25430AB024B0D3690077AEB7 /* Build configuration list for PBXNativeTarget "FMEA" */ = {
			isa = XCConfigurationList;
			buildConfigurations = (
				25430AB124B0D3690077AEB7 /* Debug */,
				25430AB224B0D3690077AEB7 /* Release */,
			);
			defaultConfigurationIsVisible = 0;
			defaultConfigurationName = Release;
		};
/* End XCConfigurationList section */

/* Begin XCVersionGroup section */
		25430AA524B0D3680077AEB7 /* FMEA.xcdatamodeld */ = {
			isa = XCVersionGroup;
			children = (
				25430AA624B0D3680077AEB7 /* FMEA.xcdatamodel */,
			);
			currentVersion = 25430AA624B0D3680077AEB7 /* FMEA.xcdatamodel */;
			path = FMEA.xcdatamodeld;
			sourceTree = "<group>";
			versionGroupType = wrapper.xcdatamodel;
		};
/* End XCVersionGroup section */
	};
	rootObject = 25430A9124B0D3670077AEB7 /* Project object */;
}
